
Microsoft Visual Studio Solution File, Format Version 12.00
# Visual Studio Version 16
VisualStudioVersion = 16.0.33529.622
MinimumVisualStudioVersion = 10.0.40219.1
Project("{FAE04EC0-301F-11D3-BF4B-00C04F79EFBC}") = "WebApplication1", "WebApplication1\WebApplication1.csproj", "{493BCF9E-2EDB-4210-B2BC-A691D89B2828}"
EndProject
Global
	GlobalSection(SolutionConfigurationPlatforms) = preSolution
		Debug|Any CPU = Debug|Any CPU
		Release|Any CPU = Release|Any CPU
	EndGlobalSection
	GlobalSection(ProjectConfigurationPlatforms) = postSolution
		{493BCF9E-2EDB-4210-B2BC-A691D89B2828}.Debug|Any CPU.ActiveCfg = Debug|Any CPU
		{493BCF9E-2EDB-4210-B2BC-A691D89B2828}.Debug|Any CPU.Build.0 = Debug|Any CPU
		{493BCF9E-2EDB-4210-B2BC-A691D89B2828}.Release|Any CPU.ActiveCfg = Release|Any CPU
		{493BCF9E-2EDB-4210-B2BC-A691D89B2828}.Release|Any CPU.Build.0 = Release|Any CPU
	EndGlobalSection
	GlobalSection(SolutionProperties) = preSolution
		HideSolutionNode = FALSE
	EndGlobalSection
	GlobalSection(ExtensibilityGlobals) = postSolution
		SolutionGuid = {BDF35C34-49D8-4A69-8430-62FA2C3AFB38}
	EndGlobalSection
EndGlobal
