
Microsoft Visual Studio Solution File, Format Version 12.00
# Visual Studio Version 16
VisualStudioVersion = 16.0.33529.622
MinimumVisualStudioVersion = 10.0.40219.1
Project("{FAE04EC0-301F-11D3-BF4B-00C04F79EFBC}") = "WebApplication1", "WebApplication1\WebApplication1.csproj", "{E22A8116-9A6E-46E5-B176-10E4609FC609}"
EndProject
Global
	GlobalSection(SolutionConfigurationPlatforms) = preSolution
		Debug|Any CPU = Debug|Any CPU
		Release|Any CPU = Release|Any CPU
	EndGlobalSection
	GlobalSection(ProjectConfigurationPlatforms) = postSolution
		{E22A8116-9A6E-46E5-B176-10E4609FC609}.Debug|Any CPU.ActiveCfg = Debug|Any CPU
		{E22A8116-9A6E-46E5-B176-10E4609FC609}.Debug|Any CPU.Build.0 = Debug|Any CPU
		{E22A8116-9A6E-46E5-B176-10E4609FC609}.Release|Any CPU.ActiveCfg = Release|Any CPU
		{E22A8116-9A6E-46E5-B176-10E4609FC609}.Release|Any CPU.Build.0 = Release|Any CPU
	EndGlobalSection
	GlobalSection(SolutionProperties) = preSolution
		HideSolutionNode = FALSE
	EndGlobalSection
	GlobalSection(ExtensibilityGlobals) = postSolution
		SolutionGuid = {6CE6859C-F8AF-4259-A7F8-EA1FF8F0C20B}
	EndGlobalSection
EndGlobal
