
Microsoft Visual Studio Solution File, Format Version 12.00
# Visual Studio Version 16
VisualStudioVersion = 16.0.33529.622
MinimumVisualStudioVersion = 10.0.40219.1
Project("{FAE04EC0-301F-11D3-BF4B-00C04F79EFBC}") = "QuickAI0.1", "QuickAI0.1.csproj", "{EC5F84F8-BA03-4827-9123-A1B749926DAB}"
EndProject
Global
	GlobalSection(SolutionConfigurationPlatforms) = preSolution
		Debug|Any CPU = Debug|Any CPU
		Release|Any CPU = Release|Any CPU
	EndGlobalSection
	GlobalSection(ProjectConfigurationPlatforms) = postSolution
		{EC5F84F8-BA03-4827-9123-A1B749926DAB}.Debug|Any CPU.ActiveCfg = Debug|Any CPU
		{EC5F84F8-BA03-4827-9123-A1B749926DAB}.Debug|Any CPU.Build.0 = Debug|Any CPU
		{EC5F84F8-BA03-4827-9123-A1B749926DAB}.Release|Any CPU.ActiveCfg = Release|Any CPU
		{EC5F84F8-BA03-4827-9123-A1B749926DAB}.Release|Any CPU.Build.0 = Release|Any CPU
	EndGlobalSection
	GlobalSection(SolutionProperties) = preSolution
		HideSolutionNode = FALSE
	EndGlobalSection
	GlobalSection(ExtensibilityGlobals) = postSolution
		SolutionGuid = {67782B5B-48FF-4520-8A19-B9AED2678E54}
	EndGlobalSection
EndGlobal
