
Microsoft Visual Studio Solution File, Format Version 12.00
# Visual Studio Version 16
VisualStudioVersion = 16.0.33529.622
MinimumVisualStudioVersion = 10.0.40219.1
Project("{FAE04EC0-301F-11D3-BF4B-00C04F79EFBC}") = "Quick AI Contant Writer", "Quick AI Contant Writer.csproj", "{93B1EA05-BDE6-4A07-9A1B-78DBC792B7DF}"
EndProject
Global
	GlobalSection(SolutionConfigurationPlatforms) = preSolution
		Debug|Any CPU = Debug|Any CPU
		Release|Any CPU = Release|Any CPU
	EndGlobalSection
	GlobalSection(ProjectConfigurationPlatforms) = postSolution
		{93B1EA05-BDE6-4A07-9A1B-78DBC792B7DF}.Debug|Any CPU.ActiveCfg = Debug|Any CPU
		{93B1EA05-BDE6-4A07-9A1B-78DBC792B7DF}.Debug|Any CPU.Build.0 = Debug|Any CPU
		{93B1EA05-BDE6-4A07-9A1B-78DBC792B7DF}.Release|Any CPU.ActiveCfg = Release|Any CPU
		{93B1EA05-BDE6-4A07-9A1B-78DBC792B7DF}.Release|Any CPU.Build.0 = Release|Any CPU
	EndGlobalSection
	GlobalSection(SolutionProperties) = preSolution
		HideSolutionNode = FALSE
	EndGlobalSection
	GlobalSection(ExtensibilityGlobals) = postSolution
		SolutionGuid = {8CCCC5A9-8CFD-4E25-8C68-B03EEC6ACBDE}
	EndGlobalSection
EndGlobal
