
Microsoft Visual Studio Solution File, Format Version 12.00
# Visual Studio Version 16
VisualStudioVersion = 16.0.33529.622
MinimumVisualStudioVersion = 10.0.40219.1
Project("{FAE04EC0-301F-11D3-BF4B-00C04F79EFBC}") = "Hype Quick AI", "Hype Quick AI.csproj", "{AEEA49E7-374E-426F-BD72-04D2699F1036}"
EndProject
Global
	GlobalSection(SolutionConfigurationPlatforms) = preSolution
		Debug|Any CPU = Debug|Any CPU
		Release|Any CPU = Release|Any CPU
	EndGlobalSection
	GlobalSection(ProjectConfigurationPlatforms) = postSolution
		{AEEA49E7-374E-426F-BD72-04D2699F1036}.Debug|Any CPU.ActiveCfg = Debug|Any CPU
		{AEEA49E7-374E-426F-BD72-04D2699F1036}.Debug|Any CPU.Build.0 = Debug|Any CPU
		{AEEA49E7-374E-426F-BD72-04D2699F1036}.Release|Any CPU.ActiveCfg = Release|Any CPU
		{AEEA49E7-374E-426F-BD72-04D2699F1036}.Release|Any CPU.Build.0 = Release|Any CPU
	EndGlobalSection
	GlobalSection(SolutionProperties) = preSolution
		HideSolutionNode = FALSE
	EndGlobalSection
	GlobalSection(ExtensibilityGlobals) = postSolution
		SolutionGuid = {266B9324-C7F8-4F9E-A3AB-F9DE401D1C6F}
	EndGlobalSection
EndGlobal
